// !$*UTF8*$!
{
	archiveVersion = 1;
	classes = {
	};
	objectVersion = 46;
	objects = {

/* Begin PBXBuildFile section */
		E671EBC819583AFB003102EE /* Foundation.framework in Frameworks */ = {isa = PBXBuildFile; fileRef = E671EBC719583AFB003102EE /* Foundation.framework */; };
		E671EBCA19583AFB003102EE /* CoreGraphics.framework in Frameworks */ = {isa = PBXBuildFile; fileRef = E671EBC919583AFB003102EE /* CoreGraphics.framework */; };
		E671EBCC19583AFB003102EE /* UIKit.framework in Frameworks */ = {isa = PBXBuildFile; fileRef = E671EBCB19583AFB003102EE /* UIKit.framework */; };
		E671EBD219583AFB003102EE /* InfoPlist.strings in Resources */ = {isa = PBXBuildFile; fileRef = E671EBD019583AFB003102EE /* InfoPlist.strings */; };
		E671EBD419583AFB003102EE /* main.m in Sources */ = {isa = PBXBuildFile; fileRef = E671EBD319583AFB003102EE /* main.m */; };
		E671EBD819583AFB003102EE /* AppDelegate.m in Sources */ = {isa = PBXBuildFile; fileRef = E671EBD719583AFB003102EE /* AppDelegate.m */; };
		E671EBDB19583AFB003102EE /* Main.storyboard in Resources */ = {isa = PBXBuildFile; fileRef = E671EBD919583AFB003102EE /* Main.storyboard */; };
		E671EBDE19583AFB003102EE /* ViewController.m in Sources */ = {isa = PBXBuildFile; fileRef = E671EBDD19583AFB003102EE /* ViewController.m */; };
		E671EBE019583AFB003102EE /* Images.xcassets in Resources */ = {isa = PBXBuildFile; fileRef = E671EBDF19583AFB003102EE /* Images.xcassets */; };
		E671EBE719583AFC003102EE /* XCTest.framework in Frameworks */ = {isa = PBXBuildFile; fileRef = E671EBE619583AFC003102EE /* XCTest.framework */; };
		E671EBE819583AFC003102EE /* Foundation.framework in Frameworks */ = {isa = PBXBuildFile; fileRef = E671EBC719583AFB003102EE /* Foundation.framework */; };
		E671EBE919583AFC003102EE /* UIKit.framework in Frameworks */ = {isa = PBXBuildFile; fileRef = E671EBCB19583AFB003102EE /* UIKit.framework */; };
		E671EBF119583AFC003102EE /* InfoPlist.strings in Resources */ = {isa = PBXBuildFile; fileRef = E671EBEF19583AFC003102EE /* InfoPlist.strings */; };
		E671EBF319583AFC003102EE /* ToDoListTests.m in Sources */ = {isa = PBXBuildFile; fileRef = E671EBF219583AFC003102EE /* ToDoListTests.m */; };
/* End PBXBuildFile section */

/* Begin PBXContainerItemProxy section */
		E671EBEA19583AFC003102EE /* PBXContainerItemProxy */ = {
			isa = PBXContainerItemProxy;
			containerPortal = E671EBBC19583AFB003102EE /* Project object */;
			proxyType = 1;
			remoteGlobalIDString = E671EBC319583AFB003102EE;
			remoteInfo = ToDoList;
		};
/* End PBXContainerItemProxy section */

/* Begin PBXFileReference section */
		E671EBC419583AFB003102EE /* ToDoList.app */ = {isa = PBXFileReference; explicitFileType = wrapper.application; includeInIndex = 0; path = ToDoList.app; sourceTree = BUILT_PRODUCTS_DIR; };
		E671EBC719583AFB003102EE /* Foundation.framework */ = {isa = PBXFileReference; lastKnownFileType = wrapper.framework; name = Foundation.framework; path = System/Library/Frameworks/Foundation.framework; sourceTree = SDKROOT; };
		E671EBC919583AFB003102EE /* CoreGraphics.framework */ = {isa = PBXFileReference; lastKnownFileType = wrapper.framework; name = CoreGraphics.framework; path = System/Library/Frameworks/CoreGraphics.framework; sourceTree = SDKROOT; };
		E671EBCB19583AFB003102EE /* UIKit.framework */ = {isa = PBXFileReference; lastKnownFileType = wrapper.framework; name = UIKit.framework; path = System/Library/Frameworks/UIKit.framework; sourceTree = SDKROOT; };
		E671EBCF19583AFB003102EE /* ToDoList-Info.plist */ = {isa = PBXFileReference; lastKnownFileType = text.plist.xml; path = "ToDoList-Info.plist"; sourceTree = "<group>"; };
		E671EBD119583AFB003102EE /* en */ = {isa = PBXFileReference; lastKnownFileType = text.plist.strings; name = en; path = en.lproj/InfoPlist.strings; sourceTree = "<group>"; };
		E671EBD319583AFB003102EE /* main.m */ = {isa = PBXFileReference; lastKnownFileType = sourcecode.c.objc; path = main.m; sourceTree = "<group>"; };
		E671EBD519583AFB003102EE /* ToDoList-Prefix.pch */ = {isa = PBXFileReference; lastKnownFileType = sourcecode.c.h; path = "ToDoList-Prefix.pch"; sourceTree = "<group>"; };
		E671EBD619583AFB003102EE /* AppDelegate.h */ = {isa = PBXFileReference; lastKnownFileType = sourcecode.c.h; path = AppDelegate.h; sourceTree = "<group>"; };
		E671EBD719583AFB003102EE /* AppDelegate.m */ = {isa = PBXFileReference; lastKnownFileType = sourcecode.c.objc; path = AppDelegate.m; sourceTree = "<group>"; };
		E671EBDA19583AFB003102EE /* Base */ = {isa = PBXFileReference; lastKnownFileType = file.storyboard; name = Base; path = Base.lproj/Main.storyboard; sourceTree = "<group>"; };
		E671EBDC19583AFB003102EE /* ViewController.h */ = {isa = PBXFileReference; lastKnownFileType = sourcecode.c.h; path = ViewController.h; sourceTree = "<group>"; };
		E671EBDD19583AFB003102EE /* ViewController.m */ = {isa = PBXFileReference; lastKnownFileType = sourcecode.c.objc; path = ViewController.m; sourceTree = "<group>"; };
		E671EBDF19583AFB003102EE /* Images.xcassets */ = {isa = PBXFileReference; lastKnownFileType = folder.assetcatalog; path = Images.xcassets; sourceTree = "<group>"; };
		E671EBE519583AFC003102EE /* ToDoListTests.xctest */ = {isa = PBXFileReference; explicitFileType = wrapper.cfbundle; includeInIndex = 0; path = ToDoListTests.xctest; sourceTree = BUILT_PRODUCTS_DIR; };
		E671EBE619583AFC003102EE /* XCTest.framework */ = {isa = PBXFileReference; lastKnownFileType = wrapper.framework; name = XCTest.framework; path = Library/Frameworks/XCTest.framework; sourceTree = DEVELOPER_DIR; };
		E671EBEE19583AFC003102EE /* ToDoListTests-Info.plist */ = {isa = PBXFileReference; lastKnownFileType = text.plist.xml; path = "ToDoListTests-Info.plist"; sourceTree = "<group>"; };
		E671EBF019583AFC003102EE /* en */ = {isa = PBXFileReference; lastKnownFileType = text.plist.strings; name = en; path = en.lproj/InfoPlist.strings; sourceTree = "<group>"; };
		E671EBF219583AFC003102EE /* ToDoListTests.m */ = {isa = PBXFileReference; lastKnownFileType = sourcecode.c.objc; path = ToDoListTests.m; sourceTree = "<group>"; };
/* End PBXFileReference section */

/* Begin PBXFrameworksBuildPhase section */
		E671EBC119583AFB003102EE /* Frameworks */ = {
			isa = PBXFrameworksBuildPhase;
			buildActionMask = 2147483647;
			files = (
				E671EBCA19583AFB003102EE /* CoreGraphics.framework in Frameworks */,
				E671EBCC19583AFB003102EE /* UIKit.framework in Frameworks */,
				E671EBC819583AFB003102EE /* Foundation.framework in Frameworks */,
			);
			runOnlyForDeploymentPostprocessing = 0;
		};
		E671EBE219583AFC003102EE /* Frameworks */ = {
			isa = PBXFrameworksBuildPhase;
			buildActionMask = 2147483647;
			files = (
				E671EBE719583AFC003102EE /* XCTest.framework in Frameworks */,
				E671EBE919583AFC003102EE /* UIKit.framework in Frameworks */,
				E671EBE819583AFC003102EE /* Foundation.framework in Frameworks */,
			);
			runOnlyForDeploymentPostprocessing = 0;
		};
/* End PBXFrameworksBuildPhase section */

/* Begin PBXGroup section */
		E671EBBB19583AFB003102EE = {
			isa = PBXGroup;
			children = (
				E671EBCD19583AFB003102EE /* ToDoList */,
				E671EBEC19583AFC003102EE /* ToDoListTests */,
				E671EBC619583AFB003102EE /* Frameworks */,
				E671EBC519583AFB003102EE /* Products */,
			);
			sourceTree = "<group>";
		};
		E671EBC519583AFB003102EE /* Products */ = {
			isa = PBXGroup;
			children = (
				E671EBC419583AFB003102EE /* ToDoList.app */,
				E671EBE519583AFC003102EE /* ToDoListTests.xctest */,
			);
			name = Products;
			sourceTree = "<group>";
		};
		E671EBC619583AFB003102EE /* Frameworks */ = {
			isa = PBXGroup;
			children = (
				E671EBC719583AFB003102EE /* Foundation.framework */,
				E671EBC919583AFB003102EE /* CoreGraphics.framework */,
				E671EBCB19583AFB003102EE /* UIKit.framework */,
				E671EBE619583AFC003102EE /* XCTest.framework */,
			);
			name = Frameworks;
			sourceTree = "<group>";
		};
		E671EBCD19583AFB003102EE /* ToDoList */ = {
			isa = PBXGroup;
			children = (
				E671EBD619583AFB003102EE /* AppDelegate.h */,
				E671EBD719583AFB003102EE /* AppDelegate.m */,
				E671EBD919583AFB003102EE /* Main.storyboard */,
				E671EBDC19583AFB003102EE /* ViewController.h */,
				E671EBDD19583AFB003102EE /* ViewController.m */,
				E671EBDF19583AFB003102EE /* Images.xcassets */,
				E671EBCE19583AFB003102EE /* Supporting Files */,
			);
			path = ToDoList;
			sourceTree = "<group>";
		};
		E671EBCE19583AFB003102EE /* Supporting Files */ = {
			isa = PBXGroup;
			children = (
				E671EBCF19583AFB003102EE /* ToDoList-Info.plist */,
				E671EBD019583AFB003102EE /* InfoPlist.strings */,
				E671EBD319583AFB003102EE /* main.m */,
				E671EBD519583AFB003102EE /* ToDoList-Prefix.pch */,
			);
			name = "Supporting Files";
			sourceTree = "<group>";
		};
		E671EBEC19583AFC003102EE /* ToDoListTests */ = {
			isa = PBXGroup;
			children = (
				E671EBF219583AFC003102EE /* ToDoListTests.m */,
				E671EBED19583AFC003102EE /* Supporting Files */,
			);
			path = ToDoListTests;
			sourceTree = "<group>";
		};
		E671EBED19583AFC003102EE /* Supporting Files */ = {
			isa = PBXGroup;
			children = (
				E671EBEE19583AFC003102EE /* ToDoListTests-Info.plist */,
				E671EBEF19583AFC003102EE /* InfoPlist.strings */,
			);
			name = "Supporting Files";
			sourceTree = "<group>";
		};
/* End PBXGroup section */

/* Begin PBXNativeTarget section */
		E671EBC319583AFB003102EE /* ToDoList */ = {
			isa = PBXNativeTarget;
			buildConfigurationList = E671EBF619583AFC003102EE /* Build configuration list for PBXNativeTarget "ToDoList" */;
			buildPhases = (
				E671EBC019583AFB003102EE /* Sources */,
				E671EBC119583AFB003102EE /* Frameworks */,
				E671EBC219583AFB003102EE /* Resources */,
			);
			buildRules = (
			);
			dependencies = (
			);
			name = ToDoList;
			productName = ToDoList;
			productReference = E671EBC419583AFB003102EE /* ToDoList.app */;
			productType = "com.apple.product-type.application";
		};
		E671EBE419583AFC003102EE /* ToDoListTests */ = {
			isa = PBXNativeTarget;
			buildConfigurationList = E671EBF919583AFC003102EE /* Build configuration list for PBXNativeTarget "ToDoListTests" */;
			buildPhases = (
				E671EBE119583AFC003102EE /* Sources */,
				E671EBE219583AFC003102EE /* Frameworks */,
				E671EBE319583AFC003102EE /* Resources */,
			);
			buildRules = (
			);
			dependencies = (
				E671EBEB19583AFC003102EE /* PBXTargetDependency */,
			);
			name = ToDoListTests;
			productName = ToDoListTests;
			productReference = E671EBE519583AFC003102EE /* ToDoListTests.xctest */;
			productType = "com.apple.product-type.bundle.unit-test";
		};
/* End PBXNativeTarget section */

/* Begin PBXProject section */
		E671EBBC19583AFB003102EE /* Project object */ = {
			isa = PBXProject;
			attributes = {
				LastUpgradeCheck = 0510;
				ORGANIZATIONNAME = "Ayra Panganiban";
				TargetAttributes = {
					E671EBE419583AFC003102EE = {
						TestTargetID = E671EBC319583AFB003102EE;
					};
				};
			};
			buildConfigurationList = E671EBBF19583AFB003102EE /* Build configuration list for PBXProject "ToDoList" */;
			compatibilityVersion = "Xcode 3.2";
			developmentRegion = English;
			hasScannedForEncodings = 0;
			knownRegions = (
				en,
				Base,
			);
			mainGroup = E671EBBB19583AFB003102EE;
			productRefGroup = E671EBC519583AFB003102EE /* Products */;
			projectDirPath = "";
			projectRoot = "";
			targets = (
				E671EBC319583AFB003102EE /* ToDoList */,
				E671EBE419583AFC003102EE /* ToDoListTests */,
			);
		};
/* End PBXProject section */

/* Begin PBXResourcesBuildPhase section */
		E671EBC219583AFB003102EE /* Resources */ = {
			isa = PBXResourcesBuildPhase;
			buildActionMask = 2147483647;
			files = (
				E671EBE019583AFB003102EE /* Images.xcassets in Resources */,
				E671EBD219583AFB003102EE /* InfoPlist.strings in Resources */,
				E671EBDB19583AFB003102EE /* Main.storyboard in Resources */,
			);
			runOnlyForDeploymentPostprocessing = 0;
		};
		E671EBE319583AFC003102EE /* Resources */ = {
			isa = PBXResourcesBuildPhase;
			buildActionMask = 2147483647;
			files = (
				E671EBF119583AFC003102EE /* InfoPlist.strings in Resources */,
			);
			runOnlyForDeploymentPostprocessing = 0;
		};
/* End PBXResourcesBuildPhase section */

/* Begin PBXSourcesBuildPhase section */
		E671EBC019583AFB003102EE /* Sources */ = {
			isa = PBXSourcesBuildPhase;
			buildActionMask = 2147483647;
			files = (
				E671EBDE19583AFB003102EE /* ViewController.m in Sources */,
				E671EBD819583AFB003102EE /* AppDelegate.m in Sources */,
				E671EBD419583AFB003102EE /* main.m in Sources */,
			);
			runOnlyForDeploymentPostprocessing = 0;
		};
		E671EBE119583AFC003102EE /* Sources */ = {
			isa = PBXSourcesBuildPhase;
			buildActionMask = 2147483647;
			files = (
				E671EBF319583AFC003102EE /* ToDoListTests.m in Sources */,
			);
			runOnlyForDeploymentPostprocessing = 0;
		};
/* End PBXSourcesBuildPhase section */

/* Begin PBXTargetDependency section */
		E671EBEB19583AFC003102EE /* PBXTargetDependency */ = {
			isa = PBXTargetDependency;
			target = E671EBC319583AFB003102EE /* ToDoList */;
			targetProxy = E671EBEA19583AFC003102EE /* PBXContainerItemProxy */;
		};
/* End PBXTargetDependency section */

/* Begin PBXVariantGroup section */
		E671EBD019583AFB003102EE /* InfoPlist.strings */ = {
			isa = PBXVariantGroup;
			children = (
				E671EBD119583AFB003102EE /* en */,
			);
			name = InfoPlist.strings;
			sourceTree = "<group>";
		};
		E671EBD919583AFB003102EE /* Main.storyboard */ = {
			isa = PBXVariantGroup;
			children = (
				E671EBDA19583AFB003102EE /* Base */,
			);
			name = Main.storyboard;
			sourceTree = "<group>";
		};
		E671EBEF19583AFC003102EE /* InfoPlist.strings */ = {
			isa = PBXVariantGroup;
			children = (
				E671EBF019583AFC003102EE /* en */,
			);
			name = InfoPlist.strings;
			sourceTree = "<group>";
		};
/* End PBXVariantGroup section */

/* Begin XCBuildConfiguration section */
		E671EBF419583AFC003102EE /* Debug */ = {
			isa = XCBuildConfiguration;
			buildSettings = {
				ALWAYS_SEARCH_USER_PATHS = NO;
				CLANG_CXX_LANGUAGE_STANDARD = "gnu++0x";
				CLANG_CXX_LIBRARY = "libc++";
				CLANG_ENABLE_MODULES = YES;
				CLANG_ENABLE_OBJC_ARC = YES;
				CLANG_WARN_BOOL_CONVERSION = YES;
				CLANG_WARN_CONSTANT_CONVERSION = YES;
				CLANG_WARN_DIRECT_OBJC_ISA_USAGE = YES_ERROR;
				CLANG_WARN_EMPTY_BODY = YES;
				CLANG_WARN_ENUM_CONVERSION = YES;
				CLANG_WARN_INT_CONVERSION = YES;
				CLANG_WARN_OBJC_ROOT_CLASS = YES_ERROR;
				CLANG_WARN__DUPLICATE_METHOD_MATCH = YES;
				"CODE_SIGN_IDENTITY[sdk=iphoneos*]" = "iPhone Developer";
				COPY_PHASE_STRIP = NO;
				GCC_C_LANGUAGE_STANDARD = gnu99;
				GCC_DYNAMIC_NO_PIC = NO;
				GCC_OPTIMIZATION_LEVEL = 0;
				GCC_PREPROCESSOR_DEFINITIONS = (
					"DEBUG=1",
					"$(inherited)",
				);
				GCC_SYMBOLS_PRIVATE_EXTERN = NO;
				GCC_WARN_64_TO_32_BIT_CONVERSION = YES;
				GCC_WARN_ABOUT_RETURN_TYPE = YES_ERROR;
				GCC_WARN_UNDECLARED_SELECTOR = YES;
				GCC_WARN_UNINITIALIZED_AUTOS = YES_AGGRESSIVE;
				GCC_WARN_UNUSED_FUNCTION = YES;
				GCC_WARN_UNUSED_VARIABLE = YES;
				IPHONEOS_DEPLOYMENT_TARGET = 7.1;
				ONLY_ACTIVE_ARCH = YES;
				SDKROOT = iphoneos;
			};
			name = Debug;
		};
		E671EBF519583AFC003102EE /* Release */ = {
			isa = XCBuildConfiguration;
			buildSettings = {
				ALWAYS_SEARCH_USER_PATHS = NO;
				CLANG_CXX_LANGUAGE_STANDARD = "gnu++0x";
				CLANG_CXX_LIBRARY = "libc++";
				CLANG_ENABLE_MODULES = YES;
				CLANG_ENABLE_OBJC_ARC = YES;
				CLANG_WARN_BOOL_CONVERSION = YES;
				CLANG_WARN_CONSTANT_CONVERSION = YES;
				CLANG_WARN_DIRECT_OBJC_ISA_USAGE = YES_ERROR;
				CLANG_WARN_EMPTY_BODY = YES;
				CLANG_WARN_ENUM_CONVERSION = YES;
				CLANG_WARN_INT_CONVERSION = YES;
				CLANG_WARN_OBJC_ROOT_CLASS = YES_ERROR;
				CLANG_WARN__DUPLICATE_METHOD_MATCH = YES;
				"CODE_SIGN_IDENTITY[sdk=iphoneos*]" = "iPhone Developer";
				COPY_PHASE_STRIP = YES;
				ENABLE_NS_ASSERTIONS = NO;
				GCC_C_LANGUAGE_STANDARD = gnu99;
				GCC_WARN_64_TO_32_BIT_CONVERSION = YES;
				GCC_WARN_ABOUT_RETURN_TYPE = YES_ERROR;
				GCC_WARN_UNDECLARED_SELECTOR = YES;
				GCC_WARN_UNINITIALIZED_AUTOS = YES_AGGRESSIVE;
				GCC_WARN_UNUSED_FUNCTION = YES;
				GCC_WARN_UNUSED_VARIABLE = YES;
				IPHONEOS_DEPLOYMENT_TARGET = 7.1;
				SDKROOT = iphoneos;
				VALIDATE_PRODUCT = YES;
			};
			name = Release;
		};
		E671EBF719583AFC003102EE /* Debug */ = {
			isa = XCBuildConfiguration;
			buildSettings = {
				ASSETCATALOG_COMPILER_APPICON_NAME = AppIcon;
				ASSETCATALOG_COMPILER_LAUNCHIMAGE_NAME = LaunchImage;
				GCC_PRECOMPILE_PREFIX_HEADER = YES;
				GCC_PREFIX_HEADER = "ToDoList/ToDoList-Prefix.pch";
				INFOPLIST_FILE = "ToDoList/ToDoList-Info.plist";
				PRODUCT_NAME = "$(TARGET_NAME)";
				WRAPPER_EXTENSION = app;
			};
			name = Debug;
		};
		E671EBF819583AFC003102EE /* Release */ = {
			isa = XCBuildConfiguration;
			buildSettings = {
				ASSETCATALOG_COMPILER_APPICON_NAME = AppIcon;
				ASSETCATALOG_COMPILER_LAUNCHIMAGE_NAME = LaunchImage;
				GCC_PRECOMPILE_PREFIX_HEADER = YES;
				GCC_PREFIX_HEADER = "ToDoList/ToDoList-Prefix.pch";
				INFOPLIST_FILE = "ToDoList/ToDoList-Info.plist";
				PRODUCT_NAME = "$(TARGET_NAME)";
				WRAPPER_EXTENSION = app;
			};
			name = Release;
		};
		E671EBFA19583AFC003102EE /* Debug */ = {
			isa = XCBuildConfiguration;
			buildSettings = {
				BUNDLE_LOADER = "$(BUILT_PRODUCTS_DIR)/ToDoList.app/ToDoList";
				FRAMEWORK_SEARCH_PATHS = (
					"$(SDKROOT)/Developer/Library/Frameworks",
					"$(inherited)",
					"$(DEVELOPER_FRAMEWORKS_DIR)",
				);
				GCC_PRECOMPILE_PREFIX_HEADER = YES;
				GCC_PREFIX_HEADER = "ToDoList/ToDoList-Prefix.pch";
				GCC_PREPROCESSOR_DEFINITIONS = (
					"DEBUG=1",
					"$(inherited)",
				);
				INFOPLIST_FILE = "ToDoListTests/ToDoListTests-Info.plist";
				PRODUCT_NAME = "$(TARGET_NAME)";
				TEST_HOST = "$(BUNDLE_LOADER)";
				WRAPPER_EXTENSION = xctest;
			};
			name = Debug;
		};
		E671EBFB19583AFC003102EE /* Release */ = {
			isa = XCBuildConfiguration;
			buildSettings = {
				BUNDLE_LOADER = "$(BUILT_PRODUCTS_DIR)/ToDoList.app/ToDoList";
				FRAMEWORK_SEARCH_PATHS = (
					"$(SDKROOT)/Developer/Library/Frameworks",
					"$(inherited)",
					"$(DEVELOPER_FRAMEWORKS_DIR)",
				);
				GCC_PRECOMPILE_PREFIX_HEADER = YES;
				GCC_PREFIX_HEADER = "ToDoList/ToDoList-Prefix.pch";
				INFOPLIST_FILE = "ToDoListTests/ToDoListTests-Info.plist";
				PRODUCT_NAME = "$(TARGET_NAME)";
				TEST_HOST = "$(BUNDLE_LOADER)";
				WRAPPER_EXTENSION = xctest;
			};
			name = Release;
		};
/* End XCBuildConfiguration section */

/* Begin XCConfigurationList section */
		E671EBBF19583AFB003102EE /* Build configuration list for PBXProject "ToDoList" */ = {
			isa = XCConfigurationList;
			buildConfigurations = (
				E671EBF419583AFC003102EE /* Debug */,
				E671EBF519583AFC003102EE /* Release */,
			);
			defaultConfigurationIsVisible = 0;
			defaultConfigurationName = Release;
		};
		E671EBF619583AFC003102EE /* Build configuration list for PBXNativeTarget "ToDoList" */ = {
			isa = XCConfigurationList;
			buildConfigurations = (
				E671EBF719583AFC003102EE /* Debug */,
				E671EBF819583AFC003102EE /* Release */,
			);
			defaultConfigurationIsVisible = 0;
		};
		E671EBF919583AFC003102EE /* Build configuration list for PBXNativeTarget "ToDoListTests" */ = {
			isa = XCConfigurationList;
			buildConfigurations = (
				E671EBFA19583AFC003102EE /* Debug */,
				E671EBFB19583AFC003102EE /* Release */,
			);
			defaultConfigurationIsVisible = 0;
		};
/* End XCConfigurationList section */
	};
	rootObject = E671EBBC19583AFB003102EE /* Project object */;
}
