// !$*UTF8*$!
{
	archiveVersion = 1;
	classes = {
	};
	objectVersion = 46;
	objects = {

/* Begin PBXBuildFile section */
		E671EBC819583AFB003102EE /* Foundation.framework in Frameworks */ = {isa = PBXBuildFile; fileRef = E671EBC719583AFB003102EE /* Foundation.framework */; };
		E671EBCA19583AFB003102EE /* CoreGraphics.framework in Frameworks */ = {isa = PBXBuildFile; fileRef = E671EBC919583AFB003102EE /* CoreGraphics.framework */; };
		E671EBCC19583AFB003102EE /* UIKit.framework in Frameworks */ = {isa = PBXBuildFile; fileRef = E671EBCB19583AFB003102EE /* UIKit.framework */; };
		E671EBD219583AFB003102EE /* InfoPlist.strings in Resources */ = {isa = PBXBuildFile; fileRef = E671EBD019583AFB003102EE /* InfoPlist.strings */; };
		E671EBD419583AFB003102EE /* main.m in Sources */ = {isa = PBXBuildFile; fileRef = E671EBD319583AFB003102EE /* main.m */; };
		E671EBD819583AFB003102EE /* AppDelegate.m in Sources */ = {isa = PBXBuildFile; fileRef = E671EBD719583AFB003102EE /* AppDelegate.m */; };
		E671EBDB19583AFB003102EE /* Main.storyboard in Resources */ = {isa = PBXBuildFile; fileRef = E671EBD919583AFB003102EE /* Main.storyboard */; };
		E671EBDE19583AFB003102EE /* ViewController.m in Sources */ = {isa = PBXBuildFile; fileRef = E671EBDD19583AFB003102EE /* ViewController.m */; };
		E671EBE019583AFB003102EE /* Images.xcassets in Resources */ = {isa = PBXBuildFile; fileRef = E671EBDF19583AFB003102EE /* Images.xcassets */; };
		E671EBE719583AFC003102EE /* XCTest.framework in Frameworks */ = {isa = PBXBuildFile; fileRef = E671EBE619583AFC003102EE /* XCTest.framework */; };
		E671EBE819583AFC003102EE /* Foundation.framework in Frameworks */ = {isa = PBXBuildFile; fileRef = E671EBC719583AFB003102EE /* Foundation.framework */; };
		E671EBE919583AFC003102EE /* UIKit.framework in Frameworks */ = {isa = PBXBuildFile; fileRef = E671EBCB19583AFB003102EE /* UIKit.framework */; };
		E671EBF119583AFC003102EE /* InfoPlist.strings in Resources */ = {isa = PBXBuildFile; fileRef = E671EBEF19583AFC003102EE /* InfoPlist.strings */; };
		E671EBF319583AFC003102EE /* ToDoListTests.m in Sources */ = {isa = PBXBuildFile; fileRef = E671EBF219583AFC003102EE /* ToDoListTests.m */; };
		E681642F196A99470050A16B /* Default.png in Resources */ = {isa = PBXBuildFile; fileRef = E681642D196A99470050A16B /* Default.png */; };
		E6816430196A9A710050A16B /* Default@2x.png in Resources */ = {isa = PBXBuildFile; fileRef = E681642C196A99470050A16B /* Default@2x.png */; };
		E6816435196A9BF90050A16B /* Icon-Small@2x.png in Resources */ = {isa = PBXBuildFile; fileRef = E6816431196A9BF90050A16B /* Icon-Small@2x.png */; };
		E6816436196A9BF90050A16B /* Icon-76.png in Resources */ = {isa = PBXBuildFile; fileRef = E6816432196A9BF90050A16B /* Icon-76.png */; };
		E6816437196A9BF90050A16B /* Icon-60.png in Resources */ = {isa = PBXBuildFile; fileRef = E6816433196A9BF90050A16B /* Icon-60.png */; };
		E6816438196A9BF90050A16B /* Icon-40.png in Resources */ = {isa = PBXBuildFile; fileRef = E6816434196A9BF90050A16B /* Icon-40.png */; };
		E681643B196AAD8F0050A16B /* Utility.m in Sources */ = {isa = PBXBuildFile; fileRef = E681643A196AAD8F0050A16B /* Utility.m */; };
		E690937D1967B42400910177 /* check-mark.png in Resources */ = {isa = PBXBuildFile; fileRef = E690937C1967B42400910177 /* check-mark.png */; };
		E69093811967B47800910177 /* add.png in Resources */ = {isa = PBXBuildFile; fileRef = E69093801967B47800910177 /* add.png */; };
		E69E2FC0197E5E0100AA2031 /* avatar.png in Resources */ = {isa = PBXBuildFile; fileRef = E69E2FBF197E5E0100AA2031 /* avatar.png */; };
		E69E2FC3197E9EFF00AA2031 /* Item.m in Sources */ = {isa = PBXBuildFile; fileRef = E69E2FC2197E9EFF00AA2031 /* Item.m */; };
		E69E2FC6197FB2FD00AA2031 /* User.m in Sources */ = {isa = PBXBuildFile; fileRef = E69E2FC5197FB2FD00AA2031 /* User.m */; };
		E69E2FCB1988E06D00AA2031 /* SettingsTableViewController.m in Sources */ = {isa = PBXBuildFile; fileRef = E69E2FCA1988E06D00AA2031 /* SettingsTableViewController.m */; };
		E69E2FD91989218A00AA2031 /* SettingCell.m in Sources */ = {isa = PBXBuildFile; fileRef = E69E2FD81989218A00AA2031 /* SettingCell.m */; };
		E6EFDEF0196D9B1E00AD5DF2 /* ToDoModel.xcdatamodeld in Sources */ = {isa = PBXBuildFile; fileRef = E6EFDEEE196D9B1E00AD5DF2 /* ToDoModel.xcdatamodeld */; };
		E6EFDEF8196FB6F800AD5DF2 /* CoreData.framework in Frameworks */ = {isa = PBXBuildFile; fileRef = E6EFDEF7196FB6F800AD5DF2 /* CoreData.framework */; };
		E6EFDF1019741B1A00AD5DF2 /* setting.png in Resources */ = {isa = PBXBuildFile; fileRef = E6EFDF0F19741B1A00AD5DF2 /* setting.png */; };
		E6F603791962CC0B008697FA /* TabBarController.m in Sources */ = {isa = PBXBuildFile; fileRef = E6F603781962CC0B008697FA /* TabBarController.m */; };
		E6F6037D1962ECC8008697FA /* list.png in Resources */ = {isa = PBXBuildFile; fileRef = E6F6037C1962ECC8008697FA /* list.png */; };
		E6F603811962F213008697FA /* AddViewController.m in Sources */ = {isa = PBXBuildFile; fileRef = E6F603801962F213008697FA /* AddViewController.m */; };
		E6F603881962FB64008697FA /* ToDoItem.m in Sources */ = {isa = PBXBuildFile; fileRef = E6F603871962FB64008697FA /* ToDoItem.m */; };
		E6F6038E1963FA5E008697FA /* ListTableViewController.m in Sources */ = {isa = PBXBuildFile; fileRef = E6F6038D1963FA5E008697FA /* ListTableViewController.m */; };
		E6F603911963FB0F008697FA /* CustomCell.m in Sources */ = {isa = PBXBuildFile; fileRef = E6F603901963FB0F008697FA /* CustomCell.m */; };
		E6F6039C1964501C008697FA /* DetailViewController.m in Sources */ = {isa = PBXBuildFile; fileRef = E6F6039B1964501C008697FA /* DetailViewController.m */; };
/* End PBXBuildFile section */

/* Begin PBXContainerItemProxy section */
		E671EBEA19583AFC003102EE /* PBXContainerItemProxy */ = {
			isa = PBXContainerItemProxy;
			containerPortal = E671EBBC19583AFB003102EE /* Project object */;
			proxyType = 1;
			remoteGlobalIDString = E671EBC319583AFB003102EE;
			remoteInfo = ToDoList;
		};
/* End PBXContainerItemProxy section */

/* Begin PBXFileReference section */
		E671EBC419583AFB003102EE /* ToDoList.app */ = {isa = PBXFileReference; explicitFileType = wrapper.application; includeInIndex = 0; path = ToDoList.app; sourceTree = BUILT_PRODUCTS_DIR; };
		E671EBC719583AFB003102EE /* Foundation.framework */ = {isa = PBXFileReference; lastKnownFileType = wrapper.framework; name = Foundation.framework; path = System/Library/Frameworks/Foundation.framework; sourceTree = SDKROOT; };
		E671EBC919583AFB003102EE /* CoreGraphics.framework */ = {isa = PBXFileReference; lastKnownFileType = wrapper.framework; name = CoreGraphics.framework; path = System/Library/Frameworks/CoreGraphics.framework; sourceTree = SDKROOT; };
		E671EBCB19583AFB003102EE /* UIKit.framework */ = {isa = PBXFileReference; lastKnownFileType = wrapper.framework; name = UIKit.framework; path = System/Library/Frameworks/UIKit.framework; sourceTree = SDKROOT; };
		E671EBCF19583AFB003102EE /* ToDoList-Info.plist */ = {isa = PBXFileReference; lastKnownFileType = text.plist.xml; path = "ToDoList-Info.plist"; sourceTree = "<group>"; };
		E671EBD119583AFB003102EE /* en */ = {isa = PBXFileReference; lastKnownFileType = text.plist.strings; name = en; path = en.lproj/InfoPlist.strings; sourceTree = "<group>"; };
		E671EBD319583AFB003102EE /* main.m */ = {isa = PBXFileReference; lastKnownFileType = sourcecode.c.objc; path = main.m; sourceTree = "<group>"; };
		E671EBD519583AFB003102EE /* ToDoList-Prefix.pch */ = {isa = PBXFileReference; lastKnownFileType = sourcecode.c.h; path = "ToDoList-Prefix.pch"; sourceTree = "<group>"; };
		E671EBD619583AFB003102EE /* AppDelegate.h */ = {isa = PBXFileReference; lastKnownFileType = sourcecode.c.h; path = AppDelegate.h; sourceTree = "<group>"; };
		E671EBD719583AFB003102EE /* AppDelegate.m */ = {isa = PBXFileReference; lastKnownFileType = sourcecode.c.objc; path = AppDelegate.m; sourceTree = "<group>"; };
		E671EBDA19583AFB003102EE /* Base */ = {isa = PBXFileReference; lastKnownFileType = file.storyboard; name = Base; path = Base.lproj/Main.storyboard; sourceTree = "<group>"; };
		E671EBDC19583AFB003102EE /* ViewController.h */ = {isa = PBXFileReference; lastKnownFileType = sourcecode.c.h; path = ViewController.h; sourceTree = "<group>"; };
		E671EBDD19583AFB003102EE /* ViewController.m */ = {isa = PBXFileReference; lastKnownFileType = sourcecode.c.objc; path = ViewController.m; sourceTree = "<group>"; };
		E671EBDF19583AFB003102EE /* Images.xcassets */ = {isa = PBXFileReference; lastKnownFileType = folder.assetcatalog; path = Images.xcassets; sourceTree = "<group>"; };
		E671EBE519583AFC003102EE /* ToDoListTests.xctest */ = {isa = PBXFileReference; explicitFileType = wrapper.cfbundle; includeInIndex = 0; path = ToDoListTests.xctest; sourceTree = BUILT_PRODUCTS_DIR; };
		E671EBE619583AFC003102EE /* XCTest.framework */ = {isa = PBXFileReference; lastKnownFileType = wrapper.framework; name = XCTest.framework; path = Library/Frameworks/XCTest.framework; sourceTree = DEVELOPER_DIR; };
		E671EBEE19583AFC003102EE /* ToDoListTests-Info.plist */ = {isa = PBXFileReference; lastKnownFileType = text.plist.xml; path = "ToDoListTests-Info.plist"; sourceTree = "<group>"; };
		E671EBF019583AFC003102EE /* en */ = {isa = PBXFileReference; lastKnownFileType = text.plist.strings; name = en; path = en.lproj/InfoPlist.strings; sourceTree = "<group>"; };
		E671EBF219583AFC003102EE /* ToDoListTests.m */ = {isa = PBXFileReference; lastKnownFileType = sourcecode.c.objc; path = ToDoListTests.m; sourceTree = "<group>"; };
		E681642C196A99470050A16B /* Default@2x.png */ = {isa = PBXFileReference; lastKnownFileType = image.png; name = "Default@2x.png"; path = "../../../../../Desktop/Default@2x.png"; sourceTree = "<group>"; };
		E681642D196A99470050A16B /* Default.png */ = {isa = PBXFileReference; lastKnownFileType = image.png; name = Default.png; path = ../../../../../Desktop/Default.png; sourceTree = "<group>"; };
		E6816431196A9BF90050A16B /* Icon-Small@2x.png */ = {isa = PBXFileReference; lastKnownFileType = image.png; name = "Icon-Small@2x.png"; path = "../../../../Icon-Small@2x.png"; sourceTree = "<group>"; };
		E6816432196A9BF90050A16B /* Icon-76.png */ = {isa = PBXFileReference; lastKnownFileType = image.png; name = "Icon-76.png"; path = "../../../../Icon-76.png"; sourceTree = "<group>"; };
		E6816433196A9BF90050A16B /* Icon-60.png */ = {isa = PBXFileReference; lastKnownFileType = image.png; name = "Icon-60.png"; path = "../../../../Icon-60.png"; sourceTree = "<group>"; };
		E6816434196A9BF90050A16B /* Icon-40.png */ = {isa = PBXFileReference; lastKnownFileType = image.png; name = "Icon-40.png"; path = "../../../../Icon-40.png"; sourceTree = "<group>"; };
		E6816439196AAD8F0050A16B /* Utility.h */ = {isa = PBXFileReference; fileEncoding = 4; lastKnownFileType = sourcecode.c.h; path = Utility.h; sourceTree = "<group>"; };
		E681643A196AAD8F0050A16B /* Utility.m */ = {isa = PBXFileReference; fileEncoding = 4; lastKnownFileType = sourcecode.c.objc; path = Utility.m; sourceTree = "<group>"; };
		E690937C1967B42400910177 /* check-mark.png */ = {isa = PBXFileReference; lastKnownFileType = image.png; name = "check-mark.png"; path = "../../../../check-mark.png"; sourceTree = "<group>"; };
		E69093801967B47800910177 /* add.png */ = {isa = PBXFileReference; lastKnownFileType = image.png; name = add.png; path = ../../../../../Desktop/IOSBasics/IOSBasics/Images.xcassets/add.png; sourceTree = "<group>"; };
		E69E2FBF197E5E0100AA2031 /* avatar.png */ = {isa = PBXFileReference; lastKnownFileType = image.png; name = avatar.png; path = Images.xcassets/avatar.png; sourceTree = "<group>"; };
		E69E2FC1197E9EFF00AA2031 /* Item.h */ = {isa = PBXFileReference; fileEncoding = 4; lastKnownFileType = sourcecode.c.h; path = Item.h; sourceTree = "<group>"; };
		E69E2FC2197E9EFF00AA2031 /* Item.m */ = {isa = PBXFileReference; fileEncoding = 4; lastKnownFileType = sourcecode.c.objc; path = Item.m; sourceTree = "<group>"; };
		E69E2FC4197FB2FD00AA2031 /* User.h */ = {isa = PBXFileReference; fileEncoding = 4; lastKnownFileType = sourcecode.c.h; path = User.h; sourceTree = "<group>"; };
		E69E2FC5197FB2FD00AA2031 /* User.m */ = {isa = PBXFileReference; fileEncoding = 4; lastKnownFileType = sourcecode.c.objc; path = User.m; sourceTree = "<group>"; };
		E69E2FC91988E06D00AA2031 /* SettingsTableViewController.h */ = {isa = PBXFileReference; fileEncoding = 4; lastKnownFileType = sourcecode.c.h; path = SettingsTableViewController.h; sourceTree = "<group>"; };
		E69E2FCA1988E06D00AA2031 /* SettingsTableViewController.m */ = {isa = PBXFileReference; fileEncoding = 4; lastKnownFileType = sourcecode.c.objc; path = SettingsTableViewController.m; sourceTree = "<group>"; };
		E69E2FD71989218A00AA2031 /* SettingCell.h */ = {isa = PBXFileReference; fileEncoding = 4; lastKnownFileType = sourcecode.c.h; path = SettingCell.h; sourceTree = "<group>"; };
		E69E2FD81989218A00AA2031 /* SettingCell.m */ = {isa = PBXFileReference; fileEncoding = 4; lastKnownFileType = sourcecode.c.objc; path = SettingCell.m; sourceTree = "<group>"; };
		E6EFDEEF196D9B1E00AD5DF2 /* ToDoModel.xcdatamodel */ = {isa = PBXFileReference; lastKnownFileType = wrapper.xcdatamodel; path = ToDoModel.xcdatamodel; sourceTree = "<group>"; };
		E6EFDEF7196FB6F800AD5DF2 /* CoreData.framework */ = {isa = PBXFileReference; lastKnownFileType = wrapper.framework; name = CoreData.framework; path = System/Library/Frameworks/CoreData.framework; sourceTree = SDKROOT; };
		E6EFDF0F19741B1A00AD5DF2 /* setting.png */ = {isa = PBXFileReference; lastKnownFileType = image.png; name = setting.png; path = Images.xcassets/setting.png; sourceTree = "<group>"; };
		E6F603771962CC0B008697FA /* TabBarController.h */ = {isa = PBXFileReference; fileEncoding = 4; lastKnownFileType = sourcecode.c.h; path = TabBarController.h; sourceTree = "<group>"; };
		E6F603781962CC0B008697FA /* TabBarController.m */ = {isa = PBXFileReference; fileEncoding = 4; lastKnownFileType = sourcecode.c.objc; path = TabBarController.m; sourceTree = "<group>"; };
		E6F6037C1962ECC8008697FA /* list.png */ = {isa = PBXFileReference; lastKnownFileType = image.png; name = list.png; path = Images.xcassets/list.png; sourceTree = "<group>"; };
		E6F6037F1962F213008697FA /* AddViewController.h */ = {isa = PBXFileReference; fileEncoding = 4; lastKnownFileType = sourcecode.c.h; path = AddViewController.h; sourceTree = "<group>"; };
		E6F603801962F213008697FA /* AddViewController.m */ = {isa = PBXFileReference; fileEncoding = 4; lastKnownFileType = sourcecode.c.objc; path = AddViewController.m; sourceTree = "<group>"; };
		E6F603861962FB64008697FA /* ToDoItem.h */ = {isa = PBXFileReference; fileEncoding = 4; lastKnownFileType = sourcecode.c.h; path = ToDoItem.h; sourceTree = "<group>"; };
		E6F603871962FB64008697FA /* ToDoItem.m */ = {isa = PBXFileReference; fileEncoding = 4; lastKnownFileType = sourcecode.c.objc; path = ToDoItem.m; sourceTree = "<group>"; };
		E6F6038C1963FA5E008697FA /* ListTableViewController.h */ = {isa = PBXFileReference; fileEncoding = 4; lastKnownFileType = sourcecode.c.h; path = ListTableViewController.h; sourceTree = "<group>"; };
		E6F6038D1963FA5E008697FA /* ListTableViewController.m */ = {isa = PBXFileReference; fileEncoding = 4; lastKnownFileType = sourcecode.c.objc; path = ListTableViewController.m; sourceTree = "<group>"; };
		E6F6038F1963FB0F008697FA /* CustomCell.h */ = {isa = PBXFileReference; fileEncoding = 4; lastKnownFileType = sourcecode.c.h; path = CustomCell.h; sourceTree = "<group>"; };
		E6F603901963FB0F008697FA /* CustomCell.m */ = {isa = PBXFileReference; fileEncoding = 4; lastKnownFileType = sourcecode.c.objc; path = CustomCell.m; sourceTree = "<group>"; };
		E6F6039A1964501C008697FA /* DetailViewController.h */ = {isa = PBXFileReference; fileEncoding = 4; lastKnownFileType = sourcecode.c.h; path = DetailViewController.h; sourceTree = "<group>"; };
		E6F6039B1964501C008697FA /* DetailViewController.m */ = {isa = PBXFileReference; fileEncoding = 4; lastKnownFileType = sourcecode.c.objc; path = DetailViewController.m; sourceTree = "<group>"; };
/* End PBXFileReference section */

/* Begin PBXFrameworksBuildPhase section */
		E671EBC119583AFB003102EE /* Frameworks */ = {
			isa = PBXFrameworksBuildPhase;
			buildActionMask = 2147483647;
			files = (
				E6EFDEF8196FB6F800AD5DF2 /* CoreData.framework in Frameworks */,
				E671EBCA19583AFB003102EE /* CoreGraphics.framework in Frameworks */,
				E671EBCC19583AFB003102EE /* UIKit.framework in Frameworks */,
				E671EBC819583AFB003102EE /* Foundation.framework in Frameworks */,
			);
			runOnlyForDeploymentPostprocessing = 0;
		};
		E671EBE219583AFC003102EE /* Frameworks */ = {
			isa = PBXFrameworksBuildPhase;
			buildActionMask = 2147483647;
			files = (
				E671EBE719583AFC003102EE /* XCTest.framework in Frameworks */,
				E671EBE919583AFC003102EE /* UIKit.framework in Frameworks */,
				E671EBE819583AFC003102EE /* Foundation.framework in Frameworks */,
			);
			runOnlyForDeploymentPostprocessing = 0;
		};
/* End PBXFrameworksBuildPhase section */

/* Begin PBXGroup section */
		E671EBBB19583AFB003102EE = {
			isa = PBXGroup;
			children = (
				E671EBCD19583AFB003102EE /* ToDoList */,
				E671EBEC19583AFC003102EE /* ToDoListTests */,
				E671EBC619583AFB003102EE /* Frameworks */,
				E671EBC519583AFB003102EE /* Products */,
			);
			sourceTree = "<group>";
		};
		E671EBC519583AFB003102EE /* Products */ = {
			isa = PBXGroup;
			children = (
				E671EBC419583AFB003102EE /* ToDoList.app */,
				E671EBE519583AFC003102EE /* ToDoListTests.xctest */,
			);
			name = Products;
			sourceTree = "<group>";
		};
		E671EBC619583AFB003102EE /* Frameworks */ = {
			isa = PBXGroup;
			children = (
				E6EFDEF7196FB6F800AD5DF2 /* CoreData.framework */,
				E671EBC719583AFB003102EE /* Foundation.framework */,
				E671EBC919583AFB003102EE /* CoreGraphics.framework */,
				E671EBCB19583AFB003102EE /* UIKit.framework */,
				E671EBE619583AFC003102EE /* XCTest.framework */,
			);
			name = Frameworks;
			sourceTree = "<group>";
		};
		E671EBCD19583AFB003102EE /* ToDoList */ = {
			isa = PBXGroup;
			children = (
				E6EFDEEA196D963600AD5DF2 /* Core Data */,
				E681643C196AAD930050A16B /* Common */,
				E6F60392196411EE008697FA /* Class */,
				E671EBD619583AFB003102EE /* AppDelegate.h */,
				E671EBD719583AFB003102EE /* AppDelegate.m */,
				E671EBD919583AFB003102EE /* Main.storyboard */,
				E6F603821962F8EF008697FA /* Controllers */,
				E671EBDF19583AFB003102EE /* Images.xcassets */,
				E6F6037E1962ECE5008697FA /* Assets */,
				E671EBCE19583AFB003102EE /* Supporting Files */,
			);
			path = ToDoList;
			sourceTree = "<group>";
		};
		E671EBCE19583AFB003102EE /* Supporting Files */ = {
			isa = PBXGroup;
			children = (
				E671EBCF19583AFB003102EE /* ToDoList-Info.plist */,
				E671EBD019583AFB003102EE /* InfoPlist.strings */,
				E671EBD319583AFB003102EE /* main.m */,
				E671EBD519583AFB003102EE /* ToDoList-Prefix.pch */,
			);
			name = "Supporting Files";
			sourceTree = "<group>";
		};
		E671EBEC19583AFC003102EE /* ToDoListTests */ = {
			isa = PBXGroup;
			children = (
				E671EBF219583AFC003102EE /* ToDoListTests.m */,
				E671EBED19583AFC003102EE /* Supporting Files */,
			);
			path = ToDoListTests;
			sourceTree = "<group>";
		};
		E671EBED19583AFC003102EE /* Supporting Files */ = {
			isa = PBXGroup;
			children = (
				E671EBEE19583AFC003102EE /* ToDoListTests-Info.plist */,
				E671EBEF19583AFC003102EE /* InfoPlist.strings */,
			);
			name = "Supporting Files";
			sourceTree = "<group>";
		};
		E681643C196AAD930050A16B /* Common */ = {
			isa = PBXGroup;
			children = (
				E6816439196AAD8F0050A16B /* Utility.h */,
				E681643A196AAD8F0050A16B /* Utility.m */,
			);
			name = Common;
			path = ..;
			sourceTree = "<group>";
		};
		E6EFDEEA196D963600AD5DF2 /* Core Data */ = {
			isa = PBXGroup;
			children = (
				E69E2FC1197E9EFF00AA2031 /* Item.h */,
				E69E2FC2197E9EFF00AA2031 /* Item.m */,
				E6EFDEEE196D9B1E00AD5DF2 /* ToDoModel.xcdatamodeld */,
				E69E2FC4197FB2FD00AA2031 /* User.h */,
				E69E2FC5197FB2FD00AA2031 /* User.m */,
			);
			name = "Core Data";
			sourceTree = "<group>";
		};
		E6F6037E1962ECE5008697FA /* Assets */ = {
			isa = PBXGroup;
			children = (
				E69E2FBF197E5E0100AA2031 /* avatar.png */,
				E6EFDF0F19741B1A00AD5DF2 /* setting.png */,
				E6816431196A9BF90050A16B /* Icon-Small@2x.png */,
				E6816432196A9BF90050A16B /* Icon-76.png */,
				E6816433196A9BF90050A16B /* Icon-60.png */,
				E6816434196A9BF90050A16B /* Icon-40.png */,
				E681642C196A99470050A16B /* Default@2x.png */,
				E681642D196A99470050A16B /* Default.png */,
				E69093801967B47800910177 /* add.png */,
				E690937C1967B42400910177 /* check-mark.png */,
				E6F6037C1962ECC8008697FA /* list.png */,
			);
			name = Assets;
			sourceTree = "<group>";
		};
		E6F603821962F8EF008697FA /* Controllers */ = {
			isa = PBXGroup;
			children = (
				E671EBDC19583AFB003102EE /* ViewController.h */,
				E6F6038C1963FA5E008697FA /* ListTableViewController.h */,
				E6F6038D1963FA5E008697FA /* ListTableViewController.m */,
				E6F6039A1964501C008697FA /* DetailViewController.h */,
				E6F6039B1964501C008697FA /* DetailViewController.m */,
				E6F6038F1963FB0F008697FA /* CustomCell.h */,
				E6F603901963FB0F008697FA /* CustomCell.m */,
				E671EBDD19583AFB003102EE /* ViewController.m */,
				E6F603771962CC0B008697FA /* TabBarController.h */,
				E6F603781962CC0B008697FA /* TabBarController.m */,
				E6F6037F1962F213008697FA /* AddViewController.h */,
				E6F603801962F213008697FA /* AddViewController.m */,
				E69E2FC91988E06D00AA2031 /* SettingsTableViewController.h */,
				E69E2FCA1988E06D00AA2031 /* SettingsTableViewController.m */,
				E69E2FD71989218A00AA2031 /* SettingCell.h */,
				E69E2FD81989218A00AA2031 /* SettingCell.m */,
			);
			name = Controllers;
			sourceTree = "<group>";
		};
		E6F60392196411EE008697FA /* Class */ = {
			isa = PBXGroup;
			children = (
				E6F603861962FB64008697FA /* ToDoItem.h */,
				E6F603871962FB64008697FA /* ToDoItem.m */,
			);
			name = Class;
			sourceTree = "<group>";
		};
/* End PBXGroup section */

/* Begin PBXNativeTarget section */
		E671EBC319583AFB003102EE /* ToDoList */ = {
			isa = PBXNativeTarget;
			buildConfigurationList = E671EBF619583AFC003102EE /* Build configuration list for PBXNativeTarget "ToDoList" */;
			buildPhases = (
				E671EBC019583AFB003102EE /* Sources */,
				E671EBC119583AFB003102EE /* Frameworks */,
				E671EBC219583AFB003102EE /* Resources */,
			);
			buildRules = (
			);
			dependencies = (
			);
			name = ToDoList;
			productName = ToDoList;
			productReference = E671EBC419583AFB003102EE /* ToDoList.app */;
			productType = "com.apple.product-type.application";
		};
		E671EBE419583AFC003102EE /* ToDoListTests */ = {
			isa = PBXNativeTarget;
			buildConfigurationList = E671EBF919583AFC003102EE /* Build configuration list for PBXNativeTarget "ToDoListTests" */;
			buildPhases = (
				E671EBE119583AFC003102EE /* Sources */,
				E671EBE219583AFC003102EE /* Frameworks */,
				E671EBE319583AFC003102EE /* Resources */,
			);
			buildRules = (
			);
			dependencies = (
				E671EBEB19583AFC003102EE /* PBXTargetDependency */,
			);
			name = ToDoListTests;
			productName = ToDoListTests;
			productReference = E671EBE519583AFC003102EE /* ToDoListTests.xctest */;
			productType = "com.apple.product-type.bundle.unit-test";
		};
/* End PBXNativeTarget section */

/* Begin PBXProject section */
		E671EBBC19583AFB003102EE /* Project object */ = {
			isa = PBXProject;
			attributes = {
				LastUpgradeCheck = 0510;
				ORGANIZATIONNAME = "Ayra Panganiban";
				TargetAttributes = {
					E671EBE419583AFC003102EE = {
						TestTargetID = E671EBC319583AFB003102EE;
					};
				};
			};
			buildConfigurationList = E671EBBF19583AFB003102EE /* Build configuration list for PBXProject "ToDoList" */;
			compatibilityVersion = "Xcode 3.2";
			developmentRegion = English;
			hasScannedForEncodings = 0;
			knownRegions = (
				en,
				Base,
			);
			mainGroup = E671EBBB19583AFB003102EE;
			productRefGroup = E671EBC519583AFB003102EE /* Products */;
			projectDirPath = "";
			projectRoot = "";
			targets = (
				E671EBC319583AFB003102EE /* ToDoList */,
				E671EBE419583AFC003102EE /* ToDoListTests */,
			);
		};
/* End PBXProject section */

/* Begin PBXResourcesBuildPhase section */
		E671EBC219583AFB003102EE /* Resources */ = {
			isa = PBXResourcesBuildPhase;
			buildActionMask = 2147483647;
			files = (
				E6816430196A9A710050A16B /* Default@2x.png in Resources */,
				E671EBE019583AFB003102EE /* Images.xcassets in Resources */,
				E6EFDF1019741B1A00AD5DF2 /* setting.png in Resources */,
				E6F6037D1962ECC8008697FA /* list.png in Resources */,
				E6816435196A9BF90050A16B /* Icon-Small@2x.png in Resources */,
				E6816437196A9BF90050A16B /* Icon-60.png in Resources */,
				E671EBD219583AFB003102EE /* InfoPlist.strings in Resources */,
				E681642F196A99470050A16B /* Default.png in Resources */,
				E69E2FC0197E5E0100AA2031 /* avatar.png in Resources */,
				E69093811967B47800910177 /* add.png in Resources */,
				E6816438196A9BF90050A16B /* Icon-40.png in Resources */,
				E6816436196A9BF90050A16B /* Icon-76.png in Resources */,
				E671EBDB19583AFB003102EE /* Main.storyboard in Resources */,
				E690937D1967B42400910177 /* check-mark.png in Resources */,
			);
			runOnlyForDeploymentPostprocessing = 0;
		};
		E671EBE319583AFC003102EE /* Resources */ = {
			isa = PBXResourcesBuildPhase;
			buildActionMask = 2147483647;
			files = (
				E671EBF119583AFC003102EE /* InfoPlist.strings in Resources */,
			);
			runOnlyForDeploymentPostprocessing = 0;
		};
/* End PBXResourcesBuildPhase section */

/* Begin PBXSourcesBuildPhase section */
		E671EBC019583AFB003102EE /* Sources */ = {
			isa = PBXSourcesBuildPhase;
			buildActionMask = 2147483647;
			files = (
				E6F603811962F213008697FA /* AddViewController.m in Sources */,
				E671EBDE19583AFB003102EE /* ViewController.m in Sources */,
				E681643B196AAD8F0050A16B /* Utility.m in Sources */,
				E6F6039C1964501C008697FA /* DetailViewController.m in Sources */,
				E6F603911963FB0F008697FA /* CustomCell.m in Sources */,
				E6F603881962FB64008697FA /* ToDoItem.m in Sources */,
				E69E2FD91989218A00AA2031 /* SettingCell.m in Sources */,
				E6F6038E1963FA5E008697FA /* ListTableViewController.m in Sources */,
				E6F603791962CC0B008697FA /* TabBarController.m in Sources */,
				E69E2FC6197FB2FD00AA2031 /* User.m in Sources */,
				E671EBD819583AFB003102EE /* AppDelegate.m in Sources */,
				E6EFDEF0196D9B1E00AD5DF2 /* ToDoModel.xcdatamodeld in Sources */,
				E69E2FCB1988E06D00AA2031 /* SettingsTableViewController.m in Sources */,
				E69E2FC3197E9EFF00AA2031 /* Item.m in Sources */,
				E671EBD419583AFB003102EE /* main.m in Sources */,
			);
			runOnlyForDeploymentPostprocessing = 0;
		};
		E671EBE119583AFC003102EE /* Sources */ = {
			isa = PBXSourcesBuildPhase;
			buildActionMask = 2147483647;
			files = (
				E671EBF319583AFC003102EE /* ToDoListTests.m in Sources */,
			);
			runOnlyForDeploymentPostprocessing = 0;
		};
/* End PBXSourcesBuildPhase section */

/* Begin PBXTargetDependency section */
		E671EBEB19583AFC003102EE /* PBXTargetDependency */ = {
			isa = PBXTargetDependency;
			target = E671EBC319583AFB003102EE /* ToDoList */;
			targetProxy = E671EBEA19583AFC003102EE /* PBXContainerItemProxy */;
		};
/* End PBXTargetDependency section */

/* Begin PBXVariantGroup section */
		E671EBD019583AFB003102EE /* InfoPlist.strings */ = {
			isa = PBXVariantGroup;
			children = (
				E671EBD119583AFB003102EE /* en */,
			);
			name = InfoPlist.strings;
			sourceTree = "<group>";
		};
		E671EBD919583AFB003102EE /* Main.storyboard */ = {
			isa = PBXVariantGroup;
			children = (
				E671EBDA19583AFB003102EE /* Base */,
			);
			name = Main.storyboard;
			sourceTree = "<group>";
		};
		E671EBEF19583AFC003102EE /* InfoPlist.strings */ = {
			isa = PBXVariantGroup;
			children = (
				E671EBF019583AFC003102EE /* en */,
			);
			name = InfoPlist.strings;
			sourceTree = "<group>";
		};
/* End PBXVariantGroup section */

/* Begin XCBuildConfiguration section */
		E671EBF419583AFC003102EE /* Debug */ = {
			isa = XCBuildConfiguration;
			buildSettings = {
				ALWAYS_SEARCH_USER_PATHS = NO;
				CLANG_CXX_LANGUAGE_STANDARD = "gnu++0x";
				CLANG_CXX_LIBRARY = "libc++";
				CLANG_ENABLE_MODULES = YES;
				CLANG_ENABLE_OBJC_ARC = YES;
				CLANG_WARN_BOOL_CONVERSION = YES;
				CLANG_WARN_CONSTANT_CONVERSION = YES;
				CLANG_WARN_DIRECT_OBJC_ISA_USAGE = YES_ERROR;
				CLANG_WARN_EMPTY_BODY = YES;
				CLANG_WARN_ENUM_CONVERSION = YES;
				CLANG_WARN_INT_CONVERSION = YES;
				CLANG_WARN_OBJC_ROOT_CLASS = YES_ERROR;
				CLANG_WARN__DUPLICATE_METHOD_MATCH = YES;
				"CODE_SIGN_IDENTITY[sdk=iphoneos*]" = "iPhone Developer";
				COPY_PHASE_STRIP = NO;
				GCC_C_LANGUAGE_STANDARD = gnu99;
				GCC_DYNAMIC_NO_PIC = NO;
				GCC_OPTIMIZATION_LEVEL = 0;
				GCC_PREPROCESSOR_DEFINITIONS = (
					"DEBUG=1",
					"$(inherited)",
				);
				GCC_SYMBOLS_PRIVATE_EXTERN = NO;
				GCC_WARN_64_TO_32_BIT_CONVERSION = YES;
				GCC_WARN_ABOUT_RETURN_TYPE = YES_ERROR;
				GCC_WARN_UNDECLARED_SELECTOR = YES;
				GCC_WARN_UNINITIALIZED_AUTOS = YES_AGGRESSIVE;
				GCC_WARN_UNUSED_FUNCTION = YES;
				GCC_WARN_UNUSED_VARIABLE = YES;
				IPHONEOS_DEPLOYMENT_TARGET = 7.1;
				ONLY_ACTIVE_ARCH = YES;
				SDKROOT = iphoneos;
			};
			name = Debug;
		};
		E671EBF519583AFC003102EE /* Release */ = {
			isa = XCBuildConfiguration;
			buildSettings = {
				ALWAYS_SEARCH_USER_PATHS = NO;
				CLANG_CXX_LANGUAGE_STANDARD = "gnu++0x";
				CLANG_CXX_LIBRARY = "libc++";
				CLANG_ENABLE_MODULES = YES;
				CLANG_ENABLE_OBJC_ARC = YES;
				CLANG_WARN_BOOL_CONVERSION = YES;
				CLANG_WARN_CONSTANT_CONVERSION = YES;
				CLANG_WARN_DIRECT_OBJC_ISA_USAGE = YES_ERROR;
				CLANG_WARN_EMPTY_BODY = YES;
				CLANG_WARN_ENUM_CONVERSION = YES;
				CLANG_WARN_INT_CONVERSION = YES;
				CLANG_WARN_OBJC_ROOT_CLASS = YES_ERROR;
				CLANG_WARN__DUPLICATE_METHOD_MATCH = YES;
				"CODE_SIGN_IDENTITY[sdk=iphoneos*]" = "iPhone Developer";
				COPY_PHASE_STRIP = YES;
				ENABLE_NS_ASSERTIONS = NO;
				GCC_C_LANGUAGE_STANDARD = gnu99;
				GCC_WARN_64_TO_32_BIT_CONVERSION = YES;
				GCC_WARN_ABOUT_RETURN_TYPE = YES_ERROR;
				GCC_WARN_UNDECLARED_SELECTOR = YES;
				GCC_WARN_UNINITIALIZED_AUTOS = YES_AGGRESSIVE;
				GCC_WARN_UNUSED_FUNCTION = YES;
				GCC_WARN_UNUSED_VARIABLE = YES;
				IPHONEOS_DEPLOYMENT_TARGET = 7.1;
				SDKROOT = iphoneos;
				VALIDATE_PRODUCT = YES;
			};
			name = Release;
		};
		E671EBF719583AFC003102EE /* Debug */ = {
			isa = XCBuildConfiguration;
			buildSettings = {
				ASSETCATALOG_COMPILER_APPICON_NAME = AppIcon;
				ASSETCATALOG_COMPILER_LAUNCHIMAGE_NAME = LaunchImage;
				CODE_SIGN_IDENTITY = "iPhone Developer: Ayra Panganiban (6228V3XMP6)";
				GCC_PRECOMPILE_PREFIX_HEADER = YES;
				GCC_PREFIX_HEADER = "ToDoList/ToDoList-Prefix.pch";
				INFOPLIST_FILE = "ToDoList/ToDoList-Info.plist";
				PRODUCT_NAME = "$(TARGET_NAME)";
				WRAPPER_EXTENSION = app;
			};
			name = Debug;
		};
		E671EBF819583AFC003102EE /* Release */ = {
			isa = XCBuildConfiguration;
			buildSettings = {
				ASSETCATALOG_COMPILER_APPICON_NAME = AppIcon;
				ASSETCATALOG_COMPILER_LAUNCHIMAGE_NAME = LaunchImage;
				CODE_SIGN_IDENTITY = "iPhone Developer: Ayra Panganiban (6228V3XMP6)";
				GCC_PRECOMPILE_PREFIX_HEADER = YES;
				GCC_PREFIX_HEADER = "ToDoList/ToDoList-Prefix.pch";
				INFOPLIST_FILE = "ToDoList/ToDoList-Info.plist";
				PRODUCT_NAME = "$(TARGET_NAME)";
				WRAPPER_EXTENSION = app;
			};
			name = Release;
		};
		E671EBFA19583AFC003102EE /* Debug */ = {
			isa = XCBuildConfiguration;
			buildSettings = {
				BUNDLE_LOADER = "$(BUILT_PRODUCTS_DIR)/ToDoList.app/ToDoList";
				FRAMEWORK_SEARCH_PATHS = (
					"$(SDKROOT)/Developer/Library/Frameworks",
					"$(inherited)",
					"$(DEVELOPER_FRAMEWORKS_DIR)",
				);
				GCC_PRECOMPILE_PREFIX_HEADER = YES;
				GCC_PREFIX_HEADER = "ToDoList/ToDoList-Prefix.pch";
				GCC_PREPROCESSOR_DEFINITIONS = (
					"DEBUG=1",
					"$(inherited)",
				);
				INFOPLIST_FILE = "ToDoListTests/ToDoListTests-Info.plist";
				PRODUCT_NAME = "$(TARGET_NAME)";
				TEST_HOST = "$(BUNDLE_LOADER)";
				WRAPPER_EXTENSION = xctest;
			};
			name = Debug;
		};
		E671EBFB19583AFC003102EE /* Release */ = {
			isa = XCBuildConfiguration;
			buildSettings = {
				BUNDLE_LOADER = "$(BUILT_PRODUCTS_DIR)/ToDoList.app/ToDoList";
				FRAMEWORK_SEARCH_PATHS = (
					"$(SDKROOT)/Developer/Library/Frameworks",
					"$(inherited)",
					"$(DEVELOPER_FRAMEWORKS_DIR)",
				);
				GCC_PRECOMPILE_PREFIX_HEADER = YES;
				GCC_PREFIX_HEADER = "ToDoList/ToDoList-Prefix.pch";
				INFOPLIST_FILE = "ToDoListTests/ToDoListTests-Info.plist";
				PRODUCT_NAME = "$(TARGET_NAME)";
				TEST_HOST = "$(BUNDLE_LOADER)";
				WRAPPER_EXTENSION = xctest;
			};
			name = Release;
		};
/* End XCBuildConfiguration section */

/* Begin XCConfigurationList section */
		E671EBBF19583AFB003102EE /* Build configuration list for PBXProject "ToDoList" */ = {
			isa = XCConfigurationList;
			buildConfigurations = (
				E671EBF419583AFC003102EE /* Debug */,
				E671EBF519583AFC003102EE /* Release */,
			);
			defaultConfigurationIsVisible = 0;
			defaultConfigurationName = Release;
		};
		E671EBF619583AFC003102EE /* Build configuration list for PBXNativeTarget "ToDoList" */ = {
			isa = XCConfigurationList;
			buildConfigurations = (
				E671EBF719583AFC003102EE /* Debug */,
				E671EBF819583AFC003102EE /* Release */,
			);
			defaultConfigurationIsVisible = 0;
			defaultConfigurationName = Release;
		};
		E671EBF919583AFC003102EE /* Build configuration list for PBXNativeTarget "ToDoListTests" */ = {
			isa = XCConfigurationList;
			buildConfigurations = (
				E671EBFA19583AFC003102EE /* Debug */,
				E671EBFB19583AFC003102EE /* Release */,
			);
			defaultConfigurationIsVisible = 0;
			defaultConfigurationName = Release;
		};
/* End XCConfigurationList section */

/* Begin XCVersionGroup section */
		E6EFDEEE196D9B1E00AD5DF2 /* ToDoModel.xcdatamodeld */ = {
			isa = XCVersionGroup;
			children = (
				E6EFDEEF196D9B1E00AD5DF2 /* ToDoModel.xcdatamodel */,
			);
			currentVersion = E6EFDEEF196D9B1E00AD5DF2 /* ToDoModel.xcdatamodel */;
			name = ToDoModel.xcdatamodeld;
			path = ../ToDoModel.xcdatamodeld;
			sourceTree = "<group>";
			versionGroupType = wrapper.xcdatamodel;
		};
/* End XCVersionGroup section */
	};
	rootObject = E671EBBC19583AFB003102EE /* Project object */;
}
